
Microsoft Visual Studio Solution File, Format Version 12.00
# Visual Studio Version 16
VisualStudioVersion = 16.0.31613.86
MinimumVisualStudioVersion = 10.0.40219.1
Project("{FAE04EC0-301F-11D3-BF4B-00C04F79EFBC}") = "WebAPIJqueryAjax", "WebAPIJqueryAjax\WebAPIJqueryAjax.csproj", "{BCBFA94F-9006-48F9-B1E3-70CEB06610C3}"
EndProject
Global
	GlobalSection(SolutionConfigurationPlatforms) = preSolution
		Debug|Any CPU = Debug|Any CPU
		Release|Any CPU = Release|Any CPU
	EndGlobalSection
	GlobalSection(ProjectConfigurationPlatforms) = postSolution
		{BCBFA94F-9006-48F9-B1E3-70CEB06610C3}.Debug|Any CPU.ActiveCfg = Debug|Any CPU
		{BCBFA94F-9006-48F9-B1E3-70CEB06610C3}.Debug|Any CPU.Build.0 = Debug|Any CPU
		{BCBFA94F-9006-48F9-B1E3-70CEB06610C3}.Release|Any CPU.ActiveCfg = Release|Any CPU
		{BCBFA94F-9006-48F9-B1E3-70CEB06610C3}.Release|Any CPU.Build.0 = Release|Any CPU
	EndGlobalSection
	GlobalSection(SolutionProperties) = preSolution
		HideSolutionNode = FALSE
	EndGlobalSection
	GlobalSection(ExtensibilityGlobals) = postSolution
		SolutionGuid = {3D4312A2-D879-4C60-8371-233CC06FFF4E}
	EndGlobalSection
EndGlobal
